# THIS IS AN AUTOGENERATED FILE. DO NOT EDIT THIS FILE DIRECTLY.
# yarn lockfile v1


toml@^2.3.2:
  version "2.3.3"
  resolved "https://registry.yarnpkg.com/toml/-/toml-2.3.3.tgz#8d683d729577cb286231dfc7a8affe58d31728fb"

tomlify@^0.2.0:
  version "0.2.2"
  resolved "https://registry.yarnpkg.com/tomlify/-/tomlify-0.2.2.tgz#1adf9e5c04bdb2cb6e320ff6f5c342c40d888987"
